
Microsoft Visual Studio Solution File, Format Version 12.00
# Visual Studio 15
VisualStudioVersion = 15.0.27428.2005
MinimumVisualStudioVersion = 10.0.40219.1
Project("{FAE04EC0-301F-11D3-BF4B-00C04F79EFBC}") = "AgeCalculatorKata", "AgeCalculatorKata\AgeCalculatorKata.csproj", "{FFC41ABE-2023-4D3C-950E-1D67F6474376}"
EndProject
Project("{FAE04EC0-301F-11D3-BF4B-00C04F79EFBC}") = "AgeCalculatorTests", "AgeCalculatorTests\AgeCalculatorTests.csproj", "{B3BB3B31-AD3A-4F99-BF71-099E35F98299}"
EndProject
Global
	GlobalSection(SolutionConfigurationPlatforms) = preSolution
		Debug|Any CPU = Debug|Any CPU
		Release|Any CPU = Release|Any CPU
	EndGlobalSection
	GlobalSection(ProjectConfigurationPlatforms) = postSolution
		{FFC41ABE-2023-4D3C-950E-1D67F6474376}.Debug|Any CPU.ActiveCfg = Debug|Any CPU
		{FFC41ABE-2023-4D3C-950E-1D67F6474376}.Debug|Any CPU.Build.0 = Debug|Any CPU
		{FFC41ABE-2023-4D3C-950E-1D67F6474376}.Release|Any CPU.ActiveCfg = Release|Any CPU
		{FFC41ABE-2023-4D3C-950E-1D67F6474376}.Release|Any CPU.Build.0 = Release|Any CPU
		{B3BB3B31-AD3A-4F99-BF71-099E35F98299}.Debug|Any CPU.ActiveCfg = Debug|Any CPU
		{B3BB3B31-AD3A-4F99-BF71-099E35F98299}.Debug|Any CPU.Build.0 = Debug|Any CPU
		{B3BB3B31-AD3A-4F99-BF71-099E35F98299}.Release|Any CPU.ActiveCfg = Release|Any CPU
		{B3BB3B31-AD3A-4F99-BF71-099E35F98299}.Release|Any CPU.Build.0 = Release|Any CPU
	EndGlobalSection
	GlobalSection(SolutionProperties) = preSolution
		HideSolutionNode = FALSE
	EndGlobalSection
	GlobalSection(ExtensibilityGlobals) = postSolution
		SolutionGuid = {C34A87AE-A286-463B-BA9D-CBEC5C65E0B1}
	EndGlobalSection
EndGlobal
